// !$*UTF8*$!
{
	archiveVersion = 1;
	classes = {
	};
	objectVersion = 46;
	objects = {

/* Begin PBXBuildFile section */
		2C442C531F413F9800FF3892 /* AppDelegate.swift in Sources */ = {isa = PBXBuildFile; fileRef = 2C442C521F413F9800FF3892 /* AppDelegate.swift */; };
		2C442C551F413F9800FF3892 /* HomeViewController.swift in Sources */ = {isa = PBXBuildFile; fileRef = 2C442C541F413F9800FF3892 /* HomeViewController.swift */; };
		2C442C571F413F9800FF3892 /* SecondViewController.swift in Sources */ = {isa = PBXBuildFile; fileRef = 2C442C561F413F9800FF3892 /* SecondViewController.swift */; };
		2C442C5A1F413F9800FF3892 /* Main.storyboard in Resources */ = {isa = PBXBuildFile; fileRef = 2C442C581F413F9800FF3892 /* Main.storyboard */; };
		2C442C5C1F413F9800FF3892 /* Assets.xcassets in Resources */ = {isa = PBXBuildFile; fileRef = 2C442C5B1F413F9800FF3892 /* Assets.xcassets */; };
		2C442C5F1F413F9800FF3892 /* LaunchScreen.storyboard in Resources */ = {isa = PBXBuildFile; fileRef = 2C442C5D1F413F9800FF3892 /* LaunchScreen.storyboard */; };
		2C442C681F41492100FF3892 /* MapKit.framework in Frameworks */ = {isa = PBXBuildFile; fileRef = 2C442C671F41492100FF3892 /* MapKit.framework */; };
		2C442C6B1F425A0E00FF3892 /* City.xcdatamodeld in Sources */ = {isa = PBXBuildFile; fileRef = 2C442C691F425A0E00FF3892 /* City.xcdatamodeld */; };
		2C442C721F425C1B00FF3892 /* CoreDataStack.swift in Sources */ = {isa = PBXBuildFile; fileRef = 2C442C711F425C1B00FF3892 /* CoreDataStack.swift */; };
		2C442C741F425EC200FF3892 /* Constants.swift in Sources */ = {isa = PBXBuildFile; fileRef = 2C442C731F425EC200FF3892 /* Constants.swift */; };
/* End PBXBuildFile section */

/* Begin PBXFileReference section */
		2C442C4F1F413F9800FF3892 /* Weath.app */ = {isa = PBXFileReference; explicitFileType = wrapper.application; includeInIndex = 0; path = Weath.app; sourceTree = BUILT_PRODUCTS_DIR; };
		2C442C521F413F9800FF3892 /* AppDelegate.swift */ = {isa = PBXFileReference; lastKnownFileType = sourcecode.swift; path = AppDelegate.swift; sourceTree = "<group>"; };
		2C442C541F413F9800FF3892 /* HomeViewController.swift */ = {isa = PBXFileReference; lastKnownFileType = sourcecode.swift; path = HomeViewController.swift; sourceTree = "<group>"; };
		2C442C561F413F9800FF3892 /* SecondViewController.swift */ = {isa = PBXFileReference; lastKnownFileType = sourcecode.swift; path = SecondViewController.swift; sourceTree = "<group>"; };
		2C442C591F413F9800FF3892 /* Base */ = {isa = PBXFileReference; lastKnownFileType = file.storyboard; name = Base; path = Base.lproj/Main.storyboard; sourceTree = "<group>"; };
		2C442C5B1F413F9800FF3892 /* Assets.xcassets */ = {isa = PBXFileReference; lastKnownFileType = folder.assetcatalog; path = Assets.xcassets; sourceTree = "<group>"; };
		2C442C5E1F413F9800FF3892 /* Base */ = {isa = PBXFileReference; lastKnownFileType = file.storyboard; name = Base; path = Base.lproj/LaunchScreen.storyboard; sourceTree = "<group>"; };
		2C442C601F413F9800FF3892 /* Info.plist */ = {isa = PBXFileReference; lastKnownFileType = text.plist.xml; path = Info.plist; sourceTree = "<group>"; };
		2C442C671F41492100FF3892 /* MapKit.framework */ = {isa = PBXFileReference; lastKnownFileType = wrapper.framework; name = MapKit.framework; path = System/Library/Frameworks/MapKit.framework; sourceTree = SDKROOT; };
		2C442C6A1F425A0E00FF3892 /* City.xcdatamodel */ = {isa = PBXFileReference; lastKnownFileType = wrapper.xcdatamodel; path = City.xcdatamodel; sourceTree = "<group>"; };
		2C442C711F425C1B00FF3892 /* CoreDataStack.swift */ = {isa = PBXFileReference; fileEncoding = 4; lastKnownFileType = sourcecode.swift; path = CoreDataStack.swift; sourceTree = "<group>"; };
		2C442C731F425EC200FF3892 /* Constants.swift */ = {isa = PBXFileReference; fileEncoding = 4; lastKnownFileType = sourcecode.swift; path = Constants.swift; sourceTree = "<group>"; };
/* End PBXFileReference section */

/* Begin PBXFrameworksBuildPhase section */
		2C442C4C1F413F9800FF3892 /* Frameworks */ = {
			isa = PBXFrameworksBuildPhase;
			buildActionMask = 2147483647;
			files = (
				2C442C681F41492100FF3892 /* MapKit.framework in Frameworks */,
			);
			runOnlyForDeploymentPostprocessing = 0;
		};
/* End PBXFrameworksBuildPhase section */

/* Begin PBXGroup section */
		2C442C461F413F9800FF3892 = {
			isa = PBXGroup;
			children = (
				2C442C511F413F9800FF3892 /* Weath */,
				2C442C501F413F9800FF3892 /* Products */,
				2C442C661F41492100FF3892 /* Frameworks */,
			);
			sourceTree = "<group>";
		};
		2C442C501F413F9800FF3892 /* Products */ = {
			isa = PBXGroup;
			children = (
				2C442C4F1F413F9800FF3892 /* Weath.app */,
			);
			name = Products;
			sourceTree = "<group>";
		};
		2C442C511F413F9800FF3892 /* Weath */ = {
			isa = PBXGroup;
			children = (
				2C442C701F425BF000FF3892 /* common */,
				2C442C6D1F425AFD00FF3892 /* model */,
				2C442C6C1F425AD300FF3892 /* views */,
				2C442C521F413F9800FF3892 /* AppDelegate.swift */,
				2C442C581F413F9800FF3892 /* Main.storyboard */,
				2C442C5B1F413F9800FF3892 /* Assets.xcassets */,
				2C442C5D1F413F9800FF3892 /* LaunchScreen.storyboard */,
				2C442C601F413F9800FF3892 /* Info.plist */,
			);
			path = Weath;
			sourceTree = "<group>";
		};
		2C442C661F41492100FF3892 /* Frameworks */ = {
			isa = PBXGroup;
			children = (
				2C442C671F41492100FF3892 /* MapKit.framework */,
			);
			name = Frameworks;
			sourceTree = "<group>";
		};
		2C442C6C1F425AD300FF3892 /* views */ = {
			isa = PBXGroup;
			children = (
				2C442C541F413F9800FF3892 /* HomeViewController.swift */,
				2C442C561F413F9800FF3892 /* SecondViewController.swift */,
			);
			name = views;
			sourceTree = "<group>";
		};
		2C442C6D1F425AFD00FF3892 /* model */ = {
			isa = PBXGroup;
			children = (
				2C442C691F425A0E00FF3892 /* City.xcdatamodeld */,
			);
			name = model;
			sourceTree = "<group>";
		};
		2C442C701F425BF000FF3892 /* common */ = {
			isa = PBXGroup;
			children = (
				2C442C711F425C1B00FF3892 /* CoreDataStack.swift */,
				2C442C731F425EC200FF3892 /* Constants.swift */,
			);
			name = common;
			sourceTree = "<group>";
		};
/* End PBXGroup section */

/* Begin PBXNativeTarget section */
		2C442C4E1F413F9800FF3892 /* Weath */ = {
			isa = PBXNativeTarget;
			buildConfigurationList = 2C442C631F413F9800FF3892 /* Build configuration list for PBXNativeTarget "Weath" */;
			buildPhases = (
				2C442C4B1F413F9800FF3892 /* Sources */,
				2C442C4C1F413F9800FF3892 /* Frameworks */,
				2C442C4D1F413F9800FF3892 /* Resources */,
			);
			buildRules = (
			);
			dependencies = (
			);
			name = Weath;
			productName = Weath;
			productReference = 2C442C4F1F413F9800FF3892 /* Weath.app */;
			productType = "com.apple.product-type.application";
		};
/* End PBXNativeTarget section */

/* Begin PBXProject section */
		2C442C471F413F9800FF3892 /* Project object */ = {
			isa = PBXProject;
			attributes = {
				LastSwiftUpdateCheck = 0820;
				LastUpgradeCheck = 0820;
				ORGANIZATIONNAME = weather;
				TargetAttributes = {
					2C442C4E1F413F9800FF3892 = {
						CreatedOnToolsVersion = 8.2.1;
						ProvisioningStyle = Automatic;
					};
				};
			};
			buildConfigurationList = 2C442C4A1F413F9800FF3892 /* Build configuration list for PBXProject "Weath" */;
			compatibilityVersion = "Xcode 3.2";
			developmentRegion = English;
			hasScannedForEncodings = 0;
			knownRegions = (
				en,
				Base,
			);
			mainGroup = 2C442C461F413F9800FF3892;
			productRefGroup = 2C442C501F413F9800FF3892 /* Products */;
			projectDirPath = "";
			projectRoot = "";
			targets = (
				2C442C4E1F413F9800FF3892 /* Weath */,
			);
		};
/* End PBXProject section */

/* Begin PBXResourcesBuildPhase section */
		2C442C4D1F413F9800FF3892 /* Resources */ = {
			isa = PBXResourcesBuildPhase;
			buildActionMask = 2147483647;
			files = (
				2C442C5F1F413F9800FF3892 /* LaunchScreen.storyboard in Resources */,
				2C442C5C1F413F9800FF3892 /* Assets.xcassets in Resources */,
				2C442C5A1F413F9800FF3892 /* Main.storyboard in Resources */,
			);
			runOnlyForDeploymentPostprocessing = 0;
		};
/* End PBXResourcesBuildPhase section */

/* Begin PBXSourcesBuildPhase section */
		2C442C4B1F413F9800FF3892 /* Sources */ = {
			isa = PBXSourcesBuildPhase;
			buildActionMask = 2147483647;
			files = (
				2C442C571F413F9800FF3892 /* SecondViewController.swift in Sources */,
				2C442C721F425C1B00FF3892 /* CoreDataStack.swift in Sources */,
				2C442C531F413F9800FF3892 /* AppDelegate.swift in Sources */,
				2C442C741F425EC200FF3892 /* Constants.swift in Sources */,
				2C442C6B1F425A0E00FF3892 /* City.xcdatamodeld in Sources */,
				2C442C551F413F9800FF3892 /* HomeViewController.swift in Sources */,
			);
			runOnlyForDeploymentPostprocessing = 0;
		};
/* End PBXSourcesBuildPhase section */

/* Begin PBXVariantGroup section */
		2C442C581F413F9800FF3892 /* Main.storyboard */ = {
			isa = PBXVariantGroup;
			children = (
				2C442C591F413F9800FF3892 /* Base */,
			);
			name = Main.storyboard;
			sourceTree = "<group>";
		};
		2C442C5D1F413F9800FF3892 /* LaunchScreen.storyboard */ = {
			isa = PBXVariantGroup;
			children = (
				2C442C5E1F413F9800FF3892 /* Base */,
			);
			name = LaunchScreen.storyboard;
			sourceTree = "<group>";
		};
/* End PBXVariantGroup section */

/* Begin XCBuildConfiguration section */
		2C442C611F413F9800FF3892 /* Debug */ = {
			isa = XCBuildConfiguration;
			buildSettings = {
				ALWAYS_SEARCH_USER_PATHS = NO;
				CLANG_ANALYZER_NONNULL = YES;
				CLANG_CXX_LANGUAGE_STANDARD = "gnu++0x";
				CLANG_CXX_LIBRARY = "libc++";
				CLANG_ENABLE_MODULES = YES;
				CLANG_ENABLE_OBJC_ARC = YES;
				CLANG_WARN_BOOL_CONVERSION = YES;
				CLANG_WARN_CONSTANT_CONVERSION = YES;
				CLANG_WARN_DIRECT_OBJC_ISA_USAGE = YES_ERROR;
				CLANG_WARN_DOCUMENTATION_COMMENTS = YES;
				CLANG_WARN_EMPTY_BODY = YES;
				CLANG_WARN_ENUM_CONVERSION = YES;
				CLANG_WARN_INFINITE_RECURSION = YES;
				CLANG_WARN_INT_CONVERSION = YES;
				CLANG_WARN_OBJC_ROOT_CLASS = YES_ERROR;
				CLANG_WARN_SUSPICIOUS_MOVE = YES;
				CLANG_WARN_UNREACHABLE_CODE = YES;
				CLANG_WARN__DUPLICATE_METHOD_MATCH = YES;
				"CODE_SIGN_IDENTITY[sdk=iphoneos*]" = "iPhone Developer";
				COPY_PHASE_STRIP = NO;
				DEBUG_INFORMATION_FORMAT = dwarf;
				ENABLE_STRICT_OBJC_MSGSEND = YES;
				ENABLE_TESTABILITY = YES;
				GCC_C_LANGUAGE_STANDARD = gnu99;
				GCC_DYNAMIC_NO_PIC = NO;
				GCC_NO_COMMON_BLOCKS = YES;
				GCC_OPTIMIZATION_LEVEL = 0;
				GCC_PREPROCESSOR_DEFINITIONS = (
					"DEBUG=1",
					"$(inherited)",
				);
				GCC_WARN_64_TO_32_BIT_CONVERSION = YES;
				GCC_WARN_ABOUT_RETURN_TYPE = YES_ERROR;
				GCC_WARN_UNDECLARED_SELECTOR = YES;
				GCC_WARN_UNINITIALIZED_AUTOS = YES_AGGRESSIVE;
				GCC_WARN_UNUSED_FUNCTION = YES;
				GCC_WARN_UNUSED_VARIABLE = YES;
				IPHONEOS_DEPLOYMENT_TARGET = 10.2;
				MTL_ENABLE_DEBUG_INFO = YES;
				ONLY_ACTIVE_ARCH = YES;
				SDKROOT = iphoneos;
				SWIFT_ACTIVE_COMPILATION_CONDITIONS = DEBUG;
				SWIFT_OPTIMIZATION_LEVEL = "-Onone";
				TARGETED_DEVICE_FAMILY = "1,2";
			};
			name = Debug;
		};
		2C442C621F413F9800FF3892 /* Release */ = {
			isa = XCBuildConfiguration;
			buildSettings = {
				ALWAYS_SEARCH_USER_PATHS = NO;
				CLANG_ANALYZER_NONNULL = YES;
				CLANG_CXX_LANGUAGE_STANDARD = "gnu++0x";
				CLANG_CXX_LIBRARY = "libc++";
				CLANG_ENABLE_MODULES = YES;
				CLANG_ENABLE_OBJC_ARC = YES;
				CLANG_WARN_BOOL_CONVERSION = YES;
				CLANG_WARN_CONSTANT_CONVERSION = YES;
				CLANG_WARN_DIRECT_OBJC_ISA_USAGE = YES_ERROR;
				CLANG_WARN_DOCUMENTATION_COMMENTS = YES;
				CLANG_WARN_EMPTY_BODY = YES;
				CLANG_WARN_ENUM_CONVERSION = YES;
				CLANG_WARN_INFINITE_RECURSION = YES;
				CLANG_WARN_INT_CONVERSION = YES;
				CLANG_WARN_OBJC_ROOT_CLASS = YES_ERROR;
				CLANG_WARN_SUSPICIOUS_MOVE = YES;
				CLANG_WARN_UNREACHABLE_CODE = YES;
				CLANG_WARN__DUPLICATE_METHOD_MATCH = YES;
				"CODE_SIGN_IDENTITY[sdk=iphoneos*]" = "iPhone Developer";
				COPY_PHASE_STRIP = NO;
				DEBUG_INFORMATION_FORMAT = "dwarf-with-dsym";
				ENABLE_NS_ASSERTIONS = NO;
				ENABLE_STRICT_OBJC_MSGSEND = YES;
				GCC_C_LANGUAGE_STANDARD = gnu99;
				GCC_NO_COMMON_BLOCKS = YES;
				GCC_WARN_64_TO_32_BIT_CONVERSION = YES;
				GCC_WARN_ABOUT_RETURN_TYPE = YES_ERROR;
				GCC_WARN_UNDECLARED_SELECTOR = YES;
				GCC_WARN_UNINITIALIZED_AUTOS = YES_AGGRESSIVE;
				GCC_WARN_UNUSED_FUNCTION = YES;
				GCC_WARN_UNUSED_VARIABLE = YES;
				IPHONEOS_DEPLOYMENT_TARGET = 10.2;
				MTL_ENABLE_DEBUG_INFO = NO;
				SDKROOT = iphoneos;
				SWIFT_OPTIMIZATION_LEVEL = "-Owholemodule";
				TARGETED_DEVICE_FAMILY = "1,2";
				VALIDATE_PRODUCT = YES;
			};
			name = Release;
		};
		2C442C641F413F9800FF3892 /* Debug */ = {
			isa = XCBuildConfiguration;
			buildSettings = {
				ASSETCATALOG_COMPILER_APPICON_NAME = AppIcon;
				INFOPLIST_FILE = Weath/Info.plist;
				LD_RUNPATH_SEARCH_PATHS = "$(inherited) @executable_path/Frameworks";
				PRODUCT_BUNDLE_IDENTIFIER = com.weather.Weath;
				PRODUCT_NAME = "$(TARGET_NAME)";
				SWIFT_VERSION = 3.0;
			};
			name = Debug;
		};
		2C442C651F413F9800FF3892 /* Release */ = {
			isa = XCBuildConfiguration;
			buildSettings = {
				ASSETCATALOG_COMPILER_APPICON_NAME = AppIcon;
				INFOPLIST_FILE = Weath/Info.plist;
				LD_RUNPATH_SEARCH_PATHS = "$(inherited) @executable_path/Frameworks";
				PRODUCT_BUNDLE_IDENTIFIER = com.weather.Weath;
				PRODUCT_NAME = "$(TARGET_NAME)";
				SWIFT_VERSION = 3.0;
			};
			name = Release;
		};
/* End XCBuildConfiguration section */

/* Begin XCConfigurationList section */
		2C442C4A1F413F9800FF3892 /* Build configuration list for PBXProject "Weath" */ = {
			isa = XCConfigurationList;
			buildConfigurations = (
				2C442C611F413F9800FF3892 /* Debug */,
				2C442C621F413F9800FF3892 /* Release */,
			);
			defaultConfigurationIsVisible = 0;
			defaultConfigurationName = Release;
		};
		2C442C631F413F9800FF3892 /* Build configuration list for PBXNativeTarget "Weath" */ = {
			isa = XCConfigurationList;
			buildConfigurations = (
				2C442C641F413F9800FF3892 /* Debug */,
				2C442C651F413F9800FF3892 /* Release */,
			);
			defaultConfigurationIsVisible = 0;
		};
/* End XCConfigurationList section */

/* Begin XCVersionGroup section */
		2C442C691F425A0E00FF3892 /* City.xcdatamodeld */ = {
			isa = XCVersionGroup;
			children = (
				2C442C6A1F425A0E00FF3892 /* City.xcdatamodel */,
			);
			currentVersion = 2C442C6A1F425A0E00FF3892 /* City.xcdatamodel */;
			path = City.xcdatamodeld;
			sourceTree = "<group>";
			versionGroupType = wrapper.xcdatamodel;
		};
/* End XCVersionGroup section */
	};
	rootObject = 2C442C471F413F9800FF3892 /* Project object */;
}
